
Microsoft Visual Studio Solution File, Format Version 12.00
# Visual Studio Version 17
VisualStudioVersion = 17.5.33516.290
MinimumVisualStudioVersion = 10.0.40219.1
Project("{FAE04EC0-301F-11D3-BF4B-00C04F79EFBC}") = "Login_WPF", "ModerDesign\Login_WPF.csproj", "{814F00A5-4144-4F71-B712-18EFF63FD639}"
EndProject
Project("{FAE04EC0-301F-11D3-BF4B-00C04F79EFBC}") = "Dashboard_WPF", "Dashboard_WPF\Dashboard_WPF.csproj", "{78CD2178-4008-44C0-946E-B6042CE03F88}"
EndProject
Global
	GlobalSection(SolutionConfigurationPlatforms) = preSolution
		Debug|Any CPU = Debug|Any CPU
		Release|Any CPU = Release|Any CPU
	EndGlobalSection
	GlobalSection(ProjectConfigurationPlatforms) = postSolution
		{814F00A5-4144-4F71-B712-18EFF63FD639}.Debug|Any CPU.ActiveCfg = Debug|Any CPU
		{814F00A5-4144-4F71-B712-18EFF63FD639}.Debug|Any CPU.Build.0 = Debug|Any CPU
		{814F00A5-4144-4F71-B712-18EFF63FD639}.Release|Any CPU.ActiveCfg = Release|Any CPU
		{814F00A5-4144-4F71-B712-18EFF63FD639}.Release|Any CPU.Build.0 = Release|Any CPU
		{78CD2178-4008-44C0-946E-B6042CE03F88}.Debug|Any CPU.ActiveCfg = Debug|Any CPU
		{78CD2178-4008-44C0-946E-B6042CE03F88}.Debug|Any CPU.Build.0 = Debug|Any CPU
		{78CD2178-4008-44C0-946E-B6042CE03F88}.Release|Any CPU.ActiveCfg = Release|Any CPU
		{78CD2178-4008-44C0-946E-B6042CE03F88}.Release|Any CPU.Build.0 = Release|Any CPU
	EndGlobalSection
	GlobalSection(SolutionProperties) = preSolution
		HideSolutionNode = FALSE
	EndGlobalSection
	GlobalSection(ExtensibilityGlobals) = postSolution
		SolutionGuid = {487CFA5D-9D21-41A7-B024-DF1EDC828DC7}
	EndGlobalSection
EndGlobal
